github.com/nptri/GoLearn/custompackage v0.0.0-20240919093140-9397a9ab4faf h1:QeVhqylu/wLa8cdmKt9kSzcGCuGCDPH+fnzEUg2GDI0=
github.com/nptri/GoLearn/custompackage v0.0.0-20240919093140-9397a9ab4faf/go.mod h1:oX/7KHswf56CbV8E8+Ns+Vm1Mx+wOlK2xygaomgLZE8=
github.com/nptri/GoLearn/example v0.0.0-20240919075212-479e5a85c441 h1:LNAzgx8NeT/ykgNN/acMdXsPY04eDD+s0ozRxD+UOQs=
github.com/nptri/GoLearn/example v0.0.0-20240919075212-479e5a85c441/go.mod h1:4QMHLFhEjUUzvdpeE/CXYVztTIe+BwgbfTG9GZf+cJU=
