github.com/nptri/GoLearn/custompackage v0.0.0-20240919052620-5bc52c05eb90 h1:TeWT6aMn2VL5Ux8x8szQWsaQi3Q1txge2A949MWKGNk=
github.com/nptri/GoLearn/custompackage v0.0.0-20240919052620-5bc52c05eb90/go.mod h1:oX/7KHswf56CbV8E8+Ns+Vm1Mx+wOlK2xygaomgLZE8=
github.com/nptri/GoLearn/example v0.0.0-20240919052620-5bc52c05eb90 h1:rf0tsRYMrIh9g2h/69OvKjIqQ+H0YR6R795qvkQb+bo=
github.com/nptri/GoLearn/example v0.0.0-20240919052620-5bc52c05eb90/go.mod h1:4QMHLFhEjUUzvdpeE/CXYVztTIe+BwgbfTG9GZf+cJU=
