github.com/nptri/GoLearn/custompackage v0.0.0-20240919111723-0a2890901d3a h1:6EbOyz8dyzqZ6oLKoiJWC8FTLATYDCbkZH/CoBx27DY=
github.com/nptri/GoLearn/custompackage v0.0.0-20240919111723-0a2890901d3a/go.mod h1:oX/7KHswf56CbV8E8+Ns+Vm1Mx+wOlK2xygaomgLZE8=
github.com/nptri/GoLearn/example v0.0.0-20240919111723-0a2890901d3a h1:5uxt9sWEMLtDLdSZDqXa2ttmjiAq8P8CHl2t5StR0M4=
github.com/nptri/GoLearn/example v0.0.0-20240919111723-0a2890901d3a/go.mod h1:4QMHLFhEjUUzvdpeE/CXYVztTIe+BwgbfTG9GZf+cJU=
